
Microsoft Visual Studio Solution File, Format Version 12.00
# Visual Studio Version 17
VisualStudioVersion = 17.0.31903.59
MinimumVisualStudioVersion = 10.0.40219.1
Project("{FAE04EC0-301F-11D3-BF4B-00C04F79EFBC}") = "RW-UnturnedWeapon", "RW-UnturnedWeapon\RW-UnturnedWeapon.csproj", "{FF14F8DB-BC9E-4155-B5DF-B60A884E3027}"
EndProject
Global
	GlobalSection(SolutionConfigurationPlatforms) = preSolution
		DebugV10|Any CPU = DebugV10|Any CPU
		DebugV10|x64 = DebugV10|x64
		DebugV10|x86 = DebugV10|x86
		DebugV11|Any CPU = DebugV11|Any CPU
		DebugV11|x64 = DebugV11|x64
		DebugV11|x86 = DebugV11|x86
		DebugV12|Any CPU = DebugV12|Any CPU
		DebugV12|x64 = DebugV12|x64
		DebugV12|x86 = DebugV12|x86
		DebugV13|Any CPU = DebugV13|Any CPU
		DebugV13|x64 = DebugV13|x64
		DebugV13|x86 = DebugV13|x86
		DebugV14|Any CPU = DebugV14|Any CPU
		DebugV14|x64 = DebugV14|x64
		DebugV14|x86 = DebugV14|x86
		DebugV15|Any CPU = DebugV15|Any CPU
		DebugV15|x64 = DebugV15|x64
		DebugV15|x86 = DebugV15|x86
		DebugV16|Any CPU = DebugV16|Any CPU
		DebugV16|x64 = DebugV16|x64
		DebugV16|x86 = DebugV16|x86
		ReleaseV10|Any CPU = ReleaseV10|Any CPU
		ReleaseV10|x64 = ReleaseV10|x64
		ReleaseV10|x86 = ReleaseV10|x86
		ReleaseV11|Any CPU = ReleaseV11|Any CPU
		ReleaseV11|x64 = ReleaseV11|x64
		ReleaseV11|x86 = ReleaseV11|x86
		ReleaseV12|Any CPU = ReleaseV12|Any CPU
		ReleaseV12|x64 = ReleaseV12|x64
		ReleaseV12|x86 = ReleaseV12|x86
		ReleaseV13|Any CPU = ReleaseV13|Any CPU
		ReleaseV13|x64 = ReleaseV13|x64
		ReleaseV13|x86 = ReleaseV13|x86
		ReleaseV14|Any CPU = ReleaseV14|Any CPU
		ReleaseV14|x64 = ReleaseV14|x64
		ReleaseV14|x86 = ReleaseV14|x86
		ReleaseV15|Any CPU = ReleaseV15|Any CPU
		ReleaseV15|x64 = ReleaseV15|x64
		ReleaseV15|x86 = ReleaseV15|x86
		ReleaseV16|Any CPU = ReleaseV16|Any CPU
		ReleaseV16|x64 = ReleaseV16|x64
		ReleaseV16|x86 = ReleaseV16|x86
	EndGlobalSection
	GlobalSection(ProjectConfigurationPlatforms) = postSolution
		{FF14F8DB-BC9E-4155-B5DF-B60A884E3027}.DebugV10|Any CPU.ActiveCfg = DebugV10|Any CPU
		{FF14F8DB-BC9E-4155-B5DF-B60A884E3027}.DebugV10|Any CPU.Build.0 = DebugV10|Any CPU
		{FF14F8DB-BC9E-4155-B5DF-B60A884E3027}.DebugV10|x64.ActiveCfg = DebugV10|Any CPU
		{FF14F8DB-BC9E-4155-B5DF-B60A884E3027}.DebugV10|x64.Build.0 = DebugV10|Any CPU
		{FF14F8DB-BC9E-4155-B5DF-B60A884E3027}.DebugV10|x86.ActiveCfg = DebugV10|Any CPU
		{FF14F8DB-BC9E-4155-B5DF-B60A884E3027}.DebugV10|x86.Build.0 = DebugV10|Any CPU
		{FF14F8DB-BC9E-4155-B5DF-B60A884E3027}.DebugV11|Any CPU.ActiveCfg = DebugV11|Any CPU
		{FF14F8DB-BC9E-4155-B5DF-B60A884E3027}.DebugV11|Any CPU.Build.0 = DebugV11|Any CPU
		{FF14F8DB-BC9E-4155-B5DF-B60A884E3027}.DebugV11|x64.ActiveCfg = DebugV11|Any CPU
		{FF14F8DB-BC9E-4155-B5DF-B60A884E3027}.DebugV11|x64.Build.0 = DebugV11|Any CPU
		{FF14F8DB-BC9E-4155-B5DF-B60A884E3027}.DebugV11|x86.ActiveCfg = DebugV11|Any CPU
		{FF14F8DB-BC9E-4155-B5DF-B60A884E3027}.DebugV11|x86.Build.0 = DebugV11|Any CPU
		{FF14F8DB-BC9E-4155-B5DF-B60A884E3027}.DebugV12|Any CPU.ActiveCfg = DebugV12|Any CPU
		{FF14F8DB-BC9E-4155-B5DF-B60A884E3027}.DebugV12|Any CPU.Build.0 = DebugV12|Any CPU
		{FF14F8DB-BC9E-4155-B5DF-B60A884E3027}.DebugV12|x64.ActiveCfg = DebugV12|Any CPU
		{FF14F8DB-BC9E-4155-B5DF-B60A884E3027}.DebugV12|x64.Build.0 = DebugV12|Any CPU
		{FF14F8DB-BC9E-4155-B5DF-B60A884E3027}.DebugV12|x86.ActiveCfg = DebugV12|Any CPU
		{FF14F8DB-BC9E-4155-B5DF-B60A884E3027}.DebugV12|x86.Build.0 = DebugV12|Any CPU
		{FF14F8DB-BC9E-4155-B5DF-B60A884E3027}.DebugV13|Any CPU.ActiveCfg = DebugV13|Any CPU
		{FF14F8DB-BC9E-4155-B5DF-B60A884E3027}.DebugV13|Any CPU.Build.0 = DebugV13|Any CPU
		{FF14F8DB-BC9E-4155-B5DF-B60A884E3027}.DebugV13|x64.ActiveCfg = DebugV13|Any CPU
		{FF14F8DB-BC9E-4155-B5DF-B60A884E3027}.DebugV13|x64.Build.0 = DebugV13|Any CPU
		{FF14F8DB-BC9E-4155-B5DF-B60A884E3027}.DebugV13|x86.ActiveCfg = DebugV13|Any CPU
		{FF14F8DB-BC9E-4155-B5DF-B60A884E3027}.DebugV13|x86.Build.0 = DebugV13|Any CPU
		{FF14F8DB-BC9E-4155-B5DF-B60A884E3027}.DebugV14|Any CPU.ActiveCfg = DebugV14|Any CPU
		{FF14F8DB-BC9E-4155-B5DF-B60A884E3027}.DebugV14|Any CPU.Build.0 = DebugV14|Any CPU
		{FF14F8DB-BC9E-4155-B5DF-B60A884E3027}.DebugV14|x64.ActiveCfg = DebugV14|Any CPU
		{FF14F8DB-BC9E-4155-B5DF-B60A884E3027}.DebugV14|x64.Build.0 = DebugV14|Any CPU
		{FF14F8DB-BC9E-4155-B5DF-B60A884E3027}.DebugV14|x86.ActiveCfg = DebugV14|Any CPU
		{FF14F8DB-BC9E-4155-B5DF-B60A884E3027}.DebugV14|x86.Build.0 = DebugV14|Any CPU
		{FF14F8DB-BC9E-4155-B5DF-B60A884E3027}.DebugV15|Any CPU.ActiveCfg = DebugV15|Any CPU
		{FF14F8DB-BC9E-4155-B5DF-B60A884E3027}.DebugV15|Any CPU.Build.0 = DebugV15|Any CPU
		{FF14F8DB-BC9E-4155-B5DF-B60A884E3027}.DebugV15|x64.ActiveCfg = DebugV15|Any CPU
		{FF14F8DB-BC9E-4155-B5DF-B60A884E3027}.DebugV15|x64.Build.0 = DebugV15|Any CPU
		{FF14F8DB-BC9E-4155-B5DF-B60A884E3027}.DebugV15|x86.ActiveCfg = DebugV15|Any CPU
		{FF14F8DB-BC9E-4155-B5DF-B60A884E3027}.DebugV15|x86.Build.0 = DebugV15|Any CPU
		{FF14F8DB-BC9E-4155-B5DF-B60A884E3027}.DebugV16|Any CPU.ActiveCfg = DebugV16|Any CPU
		{FF14F8DB-BC9E-4155-B5DF-B60A884E3027}.DebugV16|Any CPU.Build.0 = DebugV16|Any CPU
		{FF14F8DB-BC9E-4155-B5DF-B60A884E3027}.DebugV16|x64.ActiveCfg = DebugV16|Any CPU
		{FF14F8DB-BC9E-4155-B5DF-B60A884E3027}.DebugV16|x64.Build.0 = DebugV16|Any CPU
		{FF14F8DB-BC9E-4155-B5DF-B60A884E3027}.DebugV16|x86.ActiveCfg = DebugV16|Any CPU
		{FF14F8DB-BC9E-4155-B5DF-B60A884E3027}.DebugV16|x86.Build.0 = DebugV16|Any CPU
		{FF14F8DB-BC9E-4155-B5DF-B60A884E3027}.ReleaseV10|Any CPU.ActiveCfg = ReleaseV10|Any CPU
		{FF14F8DB-BC9E-4155-B5DF-B60A884E3027}.ReleaseV10|Any CPU.Build.0 = ReleaseV10|Any CPU
		{FF14F8DB-BC9E-4155-B5DF-B60A884E3027}.ReleaseV10|x64.ActiveCfg = ReleaseV10|Any CPU
		{FF14F8DB-BC9E-4155-B5DF-B60A884E3027}.ReleaseV10|x64.Build.0 = ReleaseV10|Any CPU
		{FF14F8DB-BC9E-4155-B5DF-B60A884E3027}.ReleaseV10|x86.ActiveCfg = ReleaseV10|Any CPU
		{FF14F8DB-BC9E-4155-B5DF-B60A884E3027}.ReleaseV10|x86.Build.0 = ReleaseV10|Any CPU
		{FF14F8DB-BC9E-4155-B5DF-B60A884E3027}.ReleaseV11|Any CPU.ActiveCfg = ReleaseV11|Any CPU
		{FF14F8DB-BC9E-4155-B5DF-B60A884E3027}.ReleaseV11|Any CPU.Build.0 = ReleaseV11|Any CPU
		{FF14F8DB-BC9E-4155-B5DF-B60A884E3027}.ReleaseV11|x64.ActiveCfg = ReleaseV11|Any CPU
		{FF14F8DB-BC9E-4155-B5DF-B60A884E3027}.ReleaseV11|x64.Build.0 = ReleaseV11|Any CPU
		{FF14F8DB-BC9E-4155-B5DF-B60A884E3027}.ReleaseV11|x86.ActiveCfg = ReleaseV11|Any CPU
		{FF14F8DB-BC9E-4155-B5DF-B60A884E3027}.ReleaseV11|x86.Build.0 = ReleaseV11|Any CPU
		{FF14F8DB-BC9E-4155-B5DF-B60A884E3027}.ReleaseV12|Any CPU.ActiveCfg = ReleaseV12|Any CPU
		{FF14F8DB-BC9E-4155-B5DF-B60A884E3027}.ReleaseV12|Any CPU.Build.0 = ReleaseV12|Any CPU
		{FF14F8DB-BC9E-4155-B5DF-B60A884E3027}.ReleaseV12|x64.ActiveCfg = ReleaseV12|Any CPU
		{FF14F8DB-BC9E-4155-B5DF-B60A884E3027}.ReleaseV12|x64.Build.0 = ReleaseV12|Any CPU
		{FF14F8DB-BC9E-4155-B5DF-B60A884E3027}.ReleaseV12|x86.ActiveCfg = ReleaseV12|Any CPU
		{FF14F8DB-BC9E-4155-B5DF-B60A884E3027}.ReleaseV12|x86.Build.0 = ReleaseV12|Any CPU
		{FF14F8DB-BC9E-4155-B5DF-B60A884E3027}.ReleaseV13|Any CPU.ActiveCfg = ReleaseV13|Any CPU
		{FF14F8DB-BC9E-4155-B5DF-B60A884E3027}.ReleaseV13|Any CPU.Build.0 = ReleaseV13|Any CPU
		{FF14F8DB-BC9E-4155-B5DF-B60A884E3027}.ReleaseV13|x64.ActiveCfg = ReleaseV13|Any CPU
		{FF14F8DB-BC9E-4155-B5DF-B60A884E3027}.ReleaseV13|x64.Build.0 = ReleaseV13|Any CPU
		{FF14F8DB-BC9E-4155-B5DF-B60A884E3027}.ReleaseV13|x86.ActiveCfg = ReleaseV13|Any CPU
		{FF14F8DB-BC9E-4155-B5DF-B60A884E3027}.ReleaseV13|x86.Build.0 = ReleaseV13|Any CPU
		{FF14F8DB-BC9E-4155-B5DF-B60A884E3027}.ReleaseV14|Any CPU.ActiveCfg = ReleaseV14|Any CPU
		{FF14F8DB-BC9E-4155-B5DF-B60A884E3027}.ReleaseV14|Any CPU.Build.0 = ReleaseV14|Any CPU
		{FF14F8DB-BC9E-4155-B5DF-B60A884E3027}.ReleaseV14|x64.ActiveCfg = ReleaseV14|Any CPU
		{FF14F8DB-BC9E-4155-B5DF-B60A884E3027}.ReleaseV14|x64.Build.0 = ReleaseV14|Any CPU
		{FF14F8DB-BC9E-4155-B5DF-B60A884E3027}.ReleaseV14|x86.ActiveCfg = ReleaseV14|Any CPU
		{FF14F8DB-BC9E-4155-B5DF-B60A884E3027}.ReleaseV14|x86.Build.0 = ReleaseV14|Any CPU
		{FF14F8DB-BC9E-4155-B5DF-B60A884E3027}.ReleaseV15|Any CPU.ActiveCfg = ReleaseV15|Any CPU
		{FF14F8DB-BC9E-4155-B5DF-B60A884E3027}.ReleaseV15|Any CPU.Build.0 = ReleaseV15|Any CPU
		{FF14F8DB-BC9E-4155-B5DF-B60A884E3027}.ReleaseV15|x64.ActiveCfg = ReleaseV15|Any CPU
		{FF14F8DB-BC9E-4155-B5DF-B60A884E3027}.ReleaseV15|x64.Build.0 = ReleaseV15|Any CPU
		{FF14F8DB-BC9E-4155-B5DF-B60A884E3027}.ReleaseV15|x86.ActiveCfg = ReleaseV15|Any CPU
		{FF14F8DB-BC9E-4155-B5DF-B60A884E3027}.ReleaseV15|x86.Build.0 = ReleaseV15|Any CPU
		{FF14F8DB-BC9E-4155-B5DF-B60A884E3027}.ReleaseV16|Any CPU.ActiveCfg = ReleaseV16|Any CPU
		{FF14F8DB-BC9E-4155-B5DF-B60A884E3027}.ReleaseV16|Any CPU.Build.0 = ReleaseV16|Any CPU
		{FF14F8DB-BC9E-4155-B5DF-B60A884E3027}.ReleaseV16|x64.ActiveCfg = ReleaseV16|Any CPU
		{FF14F8DB-BC9E-4155-B5DF-B60A884E3027}.ReleaseV16|x64.Build.0 = ReleaseV16|Any CPU
		{FF14F8DB-BC9E-4155-B5DF-B60A884E3027}.ReleaseV16|x86.ActiveCfg = ReleaseV16|Any CPU
		{FF14F8DB-BC9E-4155-B5DF-B60A884E3027}.ReleaseV16|x86.Build.0 = ReleaseV16|Any CPU
	EndGlobalSection
	GlobalSection(SolutionProperties) = preSolution
		HideSolutionNode = FALSE
	EndGlobalSection
EndGlobal
